
Microsoft Visual Studio Solution File, Format Version 12.00
# Visual Studio 15
VisualStudioVersion = 15.0.28307.779
MinimumVisualStudioVersion = 10.0.40219.1
Project("{FAE04EC0-301F-11D3-BF4B-00C04F79EFBC}") = "citytour.Android", "citytour\citytour.Android\citytour.Android.csproj", "{D269CC08-A29B-452F-90E3-2A9C6F4B850E}"
EndProject
Project("{FAE04EC0-301F-11D3-BF4B-00C04F79EFBC}") = "citytour.iOS", "citytour\citytour.iOS\citytour.iOS.csproj", "{A63A6372-F55E-4499-9F4A-B061E2533B47}"
EndProject
Project("{FAE04EC0-301F-11D3-BF4B-00C04F79EFBC}") = "citytour.UWP", "citytour\citytour.UWP\citytour.UWP.csproj", "{9BEDEE48-7499-4E0E-A638-01899DAA9262}"
EndProject
Project("{FAE04EC0-301F-11D3-BF4B-00C04F79EFBC}") = "citytour", "citytour\citytour\citytour.csproj", "{8DD6C7C6-A7C6-48B2-B27F-AD37552DE6C6}"
EndProject
Global
	GlobalSection(SolutionConfigurationPlatforms) = preSolution
		Ad-Hoc|Any CPU = Ad-Hoc|Any CPU
		Ad-Hoc|ARM = Ad-Hoc|ARM
		Ad-Hoc|iPhone = Ad-Hoc|iPhone
		Ad-Hoc|iPhoneSimulator = Ad-Hoc|iPhoneSimulator
		Ad-Hoc|x64 = Ad-Hoc|x64
		Ad-Hoc|x86 = Ad-Hoc|x86
		AppStore|Any CPU = AppStore|Any CPU
		AppStore|ARM = AppStore|ARM
		AppStore|iPhone = AppStore|iPhone
		AppStore|iPhoneSimulator = AppStore|iPhoneSimulator
		AppStore|x64 = AppStore|x64
		AppStore|x86 = AppStore|x86
		Debug|Any CPU = Debug|Any CPU
		Debug|ARM = Debug|ARM
		Debug|iPhone = Debug|iPhone
		Debug|iPhoneSimulator = Debug|iPhoneSimulator
		Debug|x64 = Debug|x64
		Debug|x86 = Debug|x86
		Release|Any CPU = Release|Any CPU
		Release|ARM = Release|ARM
		Release|iPhone = Release|iPhone
		Release|iPhoneSimulator = Release|iPhoneSimulator
		Release|x64 = Release|x64
		Release|x86 = Release|x86
	EndGlobalSection
	GlobalSection(ProjectConfigurationPlatforms) = postSolution
		{D269CC08-A29B-452F-90E3-2A9C6F4B850E}.Ad-Hoc|Any CPU.ActiveCfg = Release|Any CPU
		{D269CC08-A29B-452F-90E3-2A9C6F4B850E}.Ad-Hoc|Any CPU.Build.0 = Release|Any CPU
		{D269CC08-A29B-452F-90E3-2A9C6F4B850E}.Ad-Hoc|Any CPU.Deploy.0 = Release|Any CPU
		{D269CC08-A29B-452F-90E3-2A9C6F4B850E}.Ad-Hoc|ARM.ActiveCfg = Release|Any CPU
		{D269CC08-A29B-452F-90E3-2A9C6F4B850E}.Ad-Hoc|ARM.Build.0 = Release|Any CPU
		{D269CC08-A29B-452F-90E3-2A9C6F4B850E}.Ad-Hoc|ARM.Deploy.0 = Release|Any CPU
		{D269CC08-A29B-452F-90E3-2A9C6F4B850E}.Ad-Hoc|iPhone.ActiveCfg = Release|Any CPU
		{D269CC08-A29B-452F-90E3-2A9C6F4B850E}.Ad-Hoc|iPhone.Build.0 = Release|Any CPU
		{D269CC08-A29B-452F-90E3-2A9C6F4B850E}.Ad-Hoc|iPhone.Deploy.0 = Release|Any CPU
		{D269CC08-A29B-452F-90E3-2A9C6F4B850E}.Ad-Hoc|iPhoneSimulator.ActiveCfg = Release|Any CPU
		{D269CC08-A29B-452F-90E3-2A9C6F4B850E}.Ad-Hoc|iPhoneSimulator.Build.0 = Release|Any CPU
		{D269CC08-A29B-452F-90E3-2A9C6F4B850E}.Ad-Hoc|iPhoneSimulator.Deploy.0 = Release|Any CPU
		{D269CC08-A29B-452F-90E3-2A9C6F4B850E}.Ad-Hoc|x64.ActiveCfg = Release|Any CPU
		{D269CC08-A29B-452F-90E3-2A9C6F4B850E}.Ad-Hoc|x64.Build.0 = Release|Any CPU
		{D269CC08-A29B-452F-90E3-2A9C6F4B850E}.Ad-Hoc|x64.Deploy.0 = Release|Any CPU
		{D269CC08-A29B-452F-90E3-2A9C6F4B850E}.Ad-Hoc|x86.ActiveCfg = Release|Any CPU
		{D269CC08-A29B-452F-90E3-2A9C6F4B850E}.Ad-Hoc|x86.Build.0 = Release|Any CPU
		{D269CC08-A29B-452F-90E3-2A9C6F4B850E}.Ad-Hoc|x86.Deploy.0 = Release|Any CPU
		{D269CC08-A29B-452F-90E3-2A9C6F4B850E}.AppStore|Any CPU.ActiveCfg = Release|Any CPU
		{D269CC08-A29B-452F-90E3-2A9C6F4B850E}.AppStore|Any CPU.Build.0 = Release|Any CPU
		{D269CC08-A29B-452F-90E3-2A9C6F4B850E}.AppStore|Any CPU.Deploy.0 = Release|Any CPU
		{D269CC08-A29B-452F-90E3-2A9C6F4B850E}.AppStore|ARM.ActiveCfg = Release|Any CPU
		{D269CC08-A29B-452F-90E3-2A9C6F4B850E}.AppStore|ARM.Build.0 = Release|Any CPU
		{D269CC08-A29B-452F-90E3-2A9C6F4B850E}.AppStore|ARM.Deploy.0 = Release|Any CPU
		{D269CC08-A29B-452F-90E3-2A9C6F4B850E}.AppStore|iPhone.ActiveCfg = Release|Any CPU
		{D269CC08-A29B-452F-90E3-2A9C6F4B850E}.AppStore|iPhone.Build.0 = Release|Any CPU
		{D269CC08-A29B-452F-90E3-2A9C6F4B850E}.AppStore|iPhone.Deploy.0 = Release|Any CPU
		{D269CC08-A29B-452F-90E3-2A9C6F4B850E}.AppStore|iPhoneSimulator.ActiveCfg = Release|Any CPU
		{D269CC08-A29B-452F-90E3-2A9C6F4B850E}.AppStore|iPhoneSimulator.Build.0 = Release|Any CPU
		{D269CC08-A29B-452F-90E3-2A9C6F4B850E}.AppStore|iPhoneSimulator.Deploy.0 = Release|Any CPU
		{D269CC08-A29B-452F-90E3-2A9C6F4B850E}.AppStore|x64.ActiveCfg = Release|Any CPU
		{D269CC08-A29B-452F-90E3-2A9C6F4B850E}.AppStore|x64.Build.0 = Release|Any CPU
		{D269CC08-A29B-452F-90E3-2A9C6F4B850E}.AppStore|x64.Deploy.0 = Release|Any CPU
		{D269CC08-A29B-452F-90E3-2A9C6F4B850E}.AppStore|x86.ActiveCfg = Release|Any CPU
		{D269CC08-A29B-452F-90E3-2A9C6F4B850E}.AppStore|x86.Build.0 = Release|Any CPU
		{D269CC08-A29B-452F-90E3-2A9C6F4B850E}.AppStore|x86.Deploy.0 = Release|Any CPU
		{D269CC08-A29B-452F-90E3-2A9C6F4B850E}.Debug|Any CPU.ActiveCfg = Debug|Any CPU
		{D269CC08-A29B-452F-90E3-2A9C6F4B850E}.Debug|Any CPU.Build.0 = Debug|Any CPU
		{D269CC08-A29B-452F-90E3-2A9C6F4B850E}.Debug|Any CPU.Deploy.0 = Debug|Any CPU
		{D269CC08-A29B-452F-90E3-2A9C6F4B850E}.Debug|ARM.ActiveCfg = Debug|Any CPU
		{D269CC08-A29B-452F-90E3-2A9C6F4B850E}.Debug|ARM.Build.0 = Debug|Any CPU
		{D269CC08-A29B-452F-90E3-2A9C6F4B850E}.Debug|ARM.Deploy.0 = Debug|Any CPU
		{D269CC08-A29B-452F-90E3-2A9C6F4B850E}.Debug|iPhone.ActiveCfg = Debug|Any CPU
		{D269CC08-A29B-452F-90E3-2A9C6F4B850E}.Debug|iPhone.Build.0 = Debug|Any CPU
		{D269CC08-A29B-452F-90E3-2A9C6F4B850E}.Debug|iPhone.Deploy.0 = Debug|Any CPU
		{D269CC08-A29B-452F-90E3-2A9C6F4B850E}.Debug|iPhoneSimulator.ActiveCfg = Debug|Any CPU
		{D269CC08-A29B-452F-90E3-2A9C6F4B850E}.Debug|iPhoneSimulator.Build.0 = Debug|Any CPU
		{D269CC08-A29B-452F-90E3-2A9C6F4B850E}.Debug|iPhoneSimulator.Deploy.0 = Debug|Any CPU
		{D269CC08-A29B-452F-90E3-2A9C6F4B850E}.Debug|x64.ActiveCfg = Debug|Any CPU
		{D269CC08-A29B-452F-90E3-2A9C6F4B850E}.Debug|x64.Build.0 = Debug|Any CPU
		{D269CC08-A29B-452F-90E3-2A9C6F4B850E}.Debug|x64.Deploy.0 = Debug|Any CPU
		{D269CC08-A29B-452F-90E3-2A9C6F4B850E}.Debug|x86.ActiveCfg = Debug|Any CPU
		{D269CC08-A29B-452F-90E3-2A9C6F4B850E}.Debug|x86.Build.0 = Debug|Any CPU
		{D269CC08-A29B-452F-90E3-2A9C6F4B850E}.Debug|x86.Deploy.0 = Debug|Any CPU
		{D269CC08-A29B-452F-90E3-2A9C6F4B850E}.Release|Any CPU.ActiveCfg = Release|Any CPU
		{D269CC08-A29B-452F-90E3-2A9C6F4B850E}.Release|Any CPU.Build.0 = Release|Any CPU
		{D269CC08-A29B-452F-90E3-2A9C6F4B850E}.Release|Any CPU.Deploy.0 = Release|Any CPU
		{D269CC08-A29B-452F-90E3-2A9C6F4B850E}.Release|ARM.ActiveCfg = Release|Any CPU
		{D269CC08-A29B-452F-90E3-2A9C6F4B850E}.Release|ARM.Build.0 = Release|Any CPU
		{D269CC08-A29B-452F-90E3-2A9C6F4B850E}.Release|ARM.Deploy.0 = Release|Any CPU
		{D269CC08-A29B-452F-90E3-2A9C6F4B850E}.Release|iPhone.ActiveCfg = Release|Any CPU
		{D269CC08-A29B-452F-90E3-2A9C6F4B850E}.Release|iPhone.Build.0 = Release|Any CPU
		{D269CC08-A29B-452F-90E3-2A9C6F4B850E}.Release|iPhone.Deploy.0 = Release|Any CPU
		{D269CC08-A29B-452F-90E3-2A9C6F4B850E}.Release|iPhoneSimulator.ActiveCfg = Release|Any CPU
		{D269CC08-A29B-452F-90E3-2A9C6F4B850E}.Release|iPhoneSimulator.Build.0 = Release|Any CPU
		{D269CC08-A29B-452F-90E3-2A9C6F4B850E}.Release|iPhoneSimulator.Deploy.0 = Release|Any CPU
		{D269CC08-A29B-452F-90E3-2A9C6F4B850E}.Release|x64.ActiveCfg = Release|Any CPU
		{D269CC08-A29B-452F-90E3-2A9C6F4B850E}.Release|x64.Build.0 = Release|Any CPU
		{D269CC08-A29B-452F-90E3-2A9C6F4B850E}.Release|x64.Deploy.0 = Release|Any CPU
		{D269CC08-A29B-452F-90E3-2A9C6F4B850E}.Release|x86.ActiveCfg = Release|Any CPU
		{D269CC08-A29B-452F-90E3-2A9C6F4B850E}.Release|x86.Build.0 = Release|Any CPU
		{D269CC08-A29B-452F-90E3-2A9C6F4B850E}.Release|x86.Deploy.0 = Release|Any CPU
		{A63A6372-F55E-4499-9F4A-B061E2533B47}.Ad-Hoc|Any CPU.ActiveCfg = Ad-Hoc|iPhone
		{A63A6372-F55E-4499-9F4A-B061E2533B47}.Ad-Hoc|Any CPU.Build.0 = Ad-Hoc|iPhone
		{A63A6372-F55E-4499-9F4A-B061E2533B47}.Ad-Hoc|Any CPU.Deploy.0 = Ad-Hoc|iPhone
		{A63A6372-F55E-4499-9F4A-B061E2533B47}.Ad-Hoc|ARM.ActiveCfg = Ad-Hoc|iPhone
		{A63A6372-F55E-4499-9F4A-B061E2533B47}.Ad-Hoc|ARM.Build.0 = Ad-Hoc|iPhone
		{A63A6372-F55E-4499-9F4A-B061E2533B47}.Ad-Hoc|ARM.Deploy.0 = Ad-Hoc|iPhone
		{A63A6372-F55E-4499-9F4A-B061E2533B47}.Ad-Hoc|iPhone.ActiveCfg = Ad-Hoc|iPhone
		{A63A6372-F55E-4499-9F4A-B061E2533B47}.Ad-Hoc|iPhone.Build.0 = Ad-Hoc|iPhone
		{A63A6372-F55E-4499-9F4A-B061E2533B47}.Ad-Hoc|iPhone.Deploy.0 = Ad-Hoc|iPhone
		{A63A6372-F55E-4499-9F4A-B061E2533B47}.Ad-Hoc|iPhoneSimulator.ActiveCfg = Ad-Hoc|iPhoneSimulator
		{A63A6372-F55E-4499-9F4A-B061E2533B47}.Ad-Hoc|iPhoneSimulator.Build.0 = Ad-Hoc|iPhoneSimulator
		{A63A6372-F55E-4499-9F4A-B061E2533B47}.Ad-Hoc|iPhoneSimulator.Deploy.0 = Ad-Hoc|iPhoneSimulator
		{A63A6372-F55E-4499-9F4A-B061E2533B47}.Ad-Hoc|x64.ActiveCfg = Ad-Hoc|iPhone
		{A63A6372-F55E-4499-9F4A-B061E2533B47}.Ad-Hoc|x64.Build.0 = Ad-Hoc|iPhone
		{A63A6372-F55E-4499-9F4A-B061E2533B47}.Ad-Hoc|x64.Deploy.0 = Ad-Hoc|iPhone
		{A63A6372-F55E-4499-9F4A-B061E2533B47}.Ad-Hoc|x86.ActiveCfg = Ad-Hoc|iPhone
		{A63A6372-F55E-4499-9F4A-B061E2533B47}.Ad-Hoc|x86.Build.0 = Ad-Hoc|iPhone
		{A63A6372-F55E-4499-9F4A-B061E2533B47}.Ad-Hoc|x86.Deploy.0 = Ad-Hoc|iPhone
		{A63A6372-F55E-4499-9F4A-B061E2533B47}.AppStore|Any CPU.ActiveCfg = AppStore|iPhone
		{A63A6372-F55E-4499-9F4A-B061E2533B47}.AppStore|Any CPU.Build.0 = AppStore|iPhone
		{A63A6372-F55E-4499-9F4A-B061E2533B47}.AppStore|Any CPU.Deploy.0 = AppStore|iPhone
		{A63A6372-F55E-4499-9F4A-B061E2533B47}.AppStore|ARM.ActiveCfg = AppStore|iPhone
		{A63A6372-F55E-4499-9F4A-B061E2533B47}.AppStore|ARM.Build.0 = AppStore|iPhone
		{A63A6372-F55E-4499-9F4A-B061E2533B47}.AppStore|ARM.Deploy.0 = AppStore|iPhone
		{A63A6372-F55E-4499-9F4A-B061E2533B47}.AppStore|iPhone.ActiveCfg = AppStore|iPhone
		{A63A6372-F55E-4499-9F4A-B061E2533B47}.AppStore|iPhone.Build.0 = AppStore|iPhone
		{A63A6372-F55E-4499-9F4A-B061E2533B47}.AppStore|iPhone.Deploy.0 = AppStore|iPhone
		{A63A6372-F55E-4499-9F4A-B061E2533B47}.AppStore|iPhoneSimulator.ActiveCfg = AppStore|iPhoneSimulator
		{A63A6372-F55E-4499-9F4A-B061E2533B47}.AppStore|iPhoneSimulator.Build.0 = AppStore|iPhoneSimulator
		{A63A6372-F55E-4499-9F4A-B061E2533B47}.AppStore|iPhoneSimulator.Deploy.0 = AppStore|iPhoneSimulator
		{A63A6372-F55E-4499-9F4A-B061E2533B47}.AppStore|x64.ActiveCfg = AppStore|iPhone
		{A63A6372-F55E-4499-9F4A-B061E2533B47}.AppStore|x64.Build.0 = AppStore|iPhone
		{A63A6372-F55E-4499-9F4A-B061E2533B47}.AppStore|x64.Deploy.0 = AppStore|iPhone
		{A63A6372-F55E-4499-9F4A-B061E2533B47}.AppStore|x86.ActiveCfg = AppStore|iPhone
		{A63A6372-F55E-4499-9F4A-B061E2533B47}.AppStore|x86.Build.0 = AppStore|iPhone
		{A63A6372-F55E-4499-9F4A-B061E2533B47}.AppStore|x86.Deploy.0 = AppStore|iPhone
		{A63A6372-F55E-4499-9F4A-B061E2533B47}.Debug|Any CPU.ActiveCfg = Debug|iPhoneSimulator
		{A63A6372-F55E-4499-9F4A-B061E2533B47}.Debug|Any CPU.Build.0 = Debug|iPhoneSimulator
		{A63A6372-F55E-4499-9F4A-B061E2533B47}.Debug|Any CPU.Deploy.0 = Debug|iPhoneSimulator
		{A63A6372-F55E-4499-9F4A-B061E2533B47}.Debug|ARM.ActiveCfg = Debug|iPhone
		{A63A6372-F55E-4499-9F4A-B061E2533B47}.Debug|ARM.Build.0 = Debug|iPhone
		{A63A6372-F55E-4499-9F4A-B061E2533B47}.Debug|ARM.Deploy.0 = Debug|iPhone
		{A63A6372-F55E-4499-9F4A-B061E2533B47}.Debug|iPhone.ActiveCfg = Debug|iPhone
		{A63A6372-F55E-4499-9F4A-B061E2533B47}.Debug|iPhone.Build.0 = Debug|iPhone
		{A63A6372-F55E-4499-9F4A-B061E2533B47}.Debug|iPhone.Deploy.0 = Debug|iPhone
		{A63A6372-F55E-4499-9F4A-B061E2533B47}.Debug|iPhoneSimulator.ActiveCfg = Debug|iPhoneSimulator
		{A63A6372-F55E-4499-9F4A-B061E2533B47}.Debug|iPhoneSimulator.Build.0 = Debug|iPhoneSimulator
		{A63A6372-F55E-4499-9F4A-B061E2533B47}.Debug|iPhoneSimulator.Deploy.0 = Debug|iPhoneSimulator
		{A63A6372-F55E-4499-9F4A-B061E2533B47}.Debug|x64.ActiveCfg = Debug|iPhone
		{A63A6372-F55E-4499-9F4A-B061E2533B47}.Debug|x64.Build.0 = Debug|iPhone
		{A63A6372-F55E-4499-9F4A-B061E2533B47}.Debug|x64.Deploy.0 = Debug|iPhone
		{A63A6372-F55E-4499-9F4A-B061E2533B47}.Debug|x86.ActiveCfg = Debug|iPhone
		{A63A6372-F55E-4499-9F4A-B061E2533B47}.Debug|x86.Build.0 = Debug|iPhone
		{A63A6372-F55E-4499-9F4A-B061E2533B47}.Debug|x86.Deploy.0 = Debug|iPhone
		{A63A6372-F55E-4499-9F4A-B061E2533B47}.Release|Any CPU.ActiveCfg = Release|iPhone
		{A63A6372-F55E-4499-9F4A-B061E2533B47}.Release|Any CPU.Build.0 = Release|iPhone
		{A63A6372-F55E-4499-9F4A-B061E2533B47}.Release|Any CPU.Deploy.0 = Release|iPhone
		{A63A6372-F55E-4499-9F4A-B061E2533B47}.Release|ARM.ActiveCfg = Release|iPhone
		{A63A6372-F55E-4499-9F4A-B061E2533B47}.Release|ARM.Build.0 = Release|iPhone
		{A63A6372-F55E-4499-9F4A-B061E2533B47}.Release|ARM.Deploy.0 = Release|iPhone
		{A63A6372-F55E-4499-9F4A-B061E2533B47}.Release|iPhone.ActiveCfg = Release|iPhone
		{A63A6372-F55E-4499-9F4A-B061E2533B47}.Release|iPhone.Build.0 = Release|iPhone
		{A63A6372-F55E-4499-9F4A-B061E2533B47}.Release|iPhone.Deploy.0 = Release|iPhone
		{A63A6372-F55E-4499-9F4A-B061E2533B47}.Release|iPhoneSimulator.ActiveCfg = Release|iPhoneSimulator
		{A63A6372-F55E-4499-9F4A-B061E2533B47}.Release|iPhoneSimulator.Build.0 = Release|iPhoneSimulator
		{A63A6372-F55E-4499-9F4A-B061E2533B47}.Release|iPhoneSimulator.Deploy.0 = Release|iPhoneSimulator
		{A63A6372-F55E-4499-9F4A-B061E2533B47}.Release|x64.ActiveCfg = Release|iPhone
		{A63A6372-F55E-4499-9F4A-B061E2533B47}.Release|x64.Build.0 = Release|iPhone
		{A63A6372-F55E-4499-9F4A-B061E2533B47}.Release|x64.Deploy.0 = Release|iPhone
		{A63A6372-F55E-4499-9F4A-B061E2533B47}.Release|x86.ActiveCfg = Release|iPhone
		{A63A6372-F55E-4499-9F4A-B061E2533B47}.Release|x86.Build.0 = Release|iPhone
		{A63A6372-F55E-4499-9F4A-B061E2533B47}.Release|x86.Deploy.0 = Release|iPhone
		{9BEDEE48-7499-4E0E-A638-01899DAA9262}.Ad-Hoc|Any CPU.ActiveCfg = Release|x86
		{9BEDEE48-7499-4E0E-A638-01899DAA9262}.Ad-Hoc|Any CPU.Build.0 = Release|x86
		{9BEDEE48-7499-4E0E-A638-01899DAA9262}.Ad-Hoc|Any CPU.Deploy.0 = Release|x86
		{9BEDEE48-7499-4E0E-A638-01899DAA9262}.Ad-Hoc|ARM.ActiveCfg = Release|ARM
		{9BEDEE48-7499-4E0E-A638-01899DAA9262}.Ad-Hoc|ARM.Build.0 = Release|ARM
		{9BEDEE48-7499-4E0E-A638-01899DAA9262}.Ad-Hoc|ARM.Deploy.0 = Release|ARM
		{9BEDEE48-7499-4E0E-A638-01899DAA9262}.Ad-Hoc|iPhone.ActiveCfg = Release|x86
		{9BEDEE48-7499-4E0E-A638-01899DAA9262}.Ad-Hoc|iPhone.Build.0 = Release|x86
		{9BEDEE48-7499-4E0E-A638-01899DAA9262}.Ad-Hoc|iPhone.Deploy.0 = Release|x86
		{9BEDEE48-7499-4E0E-A638-01899DAA9262}.Ad-Hoc|iPhoneSimulator.ActiveCfg = Release|x86
		{9BEDEE48-7499-4E0E-A638-01899DAA9262}.Ad-Hoc|iPhoneSimulator.Build.0 = Release|x86
		{9BEDEE48-7499-4E0E-A638-01899DAA9262}.Ad-Hoc|iPhoneSimulator.Deploy.0 = Release|x86
		{9BEDEE48-7499-4E0E-A638-01899DAA9262}.Ad-Hoc|x64.ActiveCfg = Release|x64
		{9BEDEE48-7499-4E0E-A638-01899DAA9262}.Ad-Hoc|x64.Build.0 = Release|x64
		{9BEDEE48-7499-4E0E-A638-01899DAA9262}.Ad-Hoc|x64.Deploy.0 = Release|x64
		{9BEDEE48-7499-4E0E-A638-01899DAA9262}.Ad-Hoc|x86.ActiveCfg = Release|x86
		{9BEDEE48-7499-4E0E-A638-01899DAA9262}.Ad-Hoc|x86.Build.0 = Release|x86
		{9BEDEE48-7499-4E0E-A638-01899DAA9262}.Ad-Hoc|x86.Deploy.0 = Release|x86
		{9BEDEE48-7499-4E0E-A638-01899DAA9262}.AppStore|Any CPU.ActiveCfg = Release|x86
		{9BEDEE48-7499-4E0E-A638-01899DAA9262}.AppStore|Any CPU.Build.0 = Release|x86
		{9BEDEE48-7499-4E0E-A638-01899DAA9262}.AppStore|Any CPU.Deploy.0 = Release|x86
		{9BEDEE48-7499-4E0E-A638-01899DAA9262}.AppStore|ARM.ActiveCfg = Release|ARM
		{9BEDEE48-7499-4E0E-A638-01899DAA9262}.AppStore|ARM.Build.0 = Release|ARM
		{9BEDEE48-7499-4E0E-A638-01899DAA9262}.AppStore|ARM.Deploy.0 = Release|ARM
		{9BEDEE48-7499-4E0E-A638-01899DAA9262}.AppStore|iPhone.ActiveCfg = Release|x86
		{9BEDEE48-7499-4E0E-A638-01899DAA9262}.AppStore|iPhone.Build.0 = Release|x86
		{9BEDEE48-7499-4E0E-A638-01899DAA9262}.AppStore|iPhone.Deploy.0 = Release|x86
		{9BEDEE48-7499-4E0E-A638-01899DAA9262}.AppStore|iPhoneSimulator.ActiveCfg = Release|x86
		{9BEDEE48-7499-4E0E-A638-01899DAA9262}.AppStore|iPhoneSimulator.Build.0 = Release|x86
		{9BEDEE48-7499-4E0E-A638-01899DAA9262}.AppStore|iPhoneSimulator.Deploy.0 = Release|x86
		{9BEDEE48-7499-4E0E-A638-01899DAA9262}.AppStore|x64.ActiveCfg = Release|x64
		{9BEDEE48-7499-4E0E-A638-01899DAA9262}.AppStore|x64.Build.0 = Release|x64
		{9BEDEE48-7499-4E0E-A638-01899DAA9262}.AppStore|x64.Deploy.0 = Release|x64
		{9BEDEE48-7499-4E0E-A638-01899DAA9262}.AppStore|x86.ActiveCfg = Release|x86
		{9BEDEE48-7499-4E0E-A638-01899DAA9262}.AppStore|x86.Build.0 = Release|x86
		{9BEDEE48-7499-4E0E-A638-01899DAA9262}.AppStore|x86.Deploy.0 = Release|x86
		{9BEDEE48-7499-4E0E-A638-01899DAA9262}.Debug|Any CPU.ActiveCfg = Debug|x86
		{9BEDEE48-7499-4E0E-A638-01899DAA9262}.Debug|Any CPU.Build.0 = Debug|x86
		{9BEDEE48-7499-4E0E-A638-01899DAA9262}.Debug|Any CPU.Deploy.0 = Debug|x86
		{9BEDEE48-7499-4E0E-A638-01899DAA9262}.Debug|ARM.ActiveCfg = Debug|ARM
		{9BEDEE48-7499-4E0E-A638-01899DAA9262}.Debug|ARM.Build.0 = Debug|ARM
		{9BEDEE48-7499-4E0E-A638-01899DAA9262}.Debug|ARM.Deploy.0 = Debug|ARM
		{9BEDEE48-7499-4E0E-A638-01899DAA9262}.Debug|iPhone.ActiveCfg = Debug|x86
		{9BEDEE48-7499-4E0E-A638-01899DAA9262}.Debug|iPhone.Build.0 = Debug|x86
		{9BEDEE48-7499-4E0E-A638-01899DAA9262}.Debug|iPhone.Deploy.0 = Debug|x86
		{9BEDEE48-7499-4E0E-A638-01899DAA9262}.Debug|iPhoneSimulator.ActiveCfg = Debug|x86
		{9BEDEE48-7499-4E0E-A638-01899DAA9262}.Debug|iPhoneSimulator.Build.0 = Debug|x86
		{9BEDEE48-7499-4E0E-A638-01899DAA9262}.Debug|iPhoneSimulator.Deploy.0 = Debug|x86
		{9BEDEE48-7499-4E0E-A638-01899DAA9262}.Debug|x64.ActiveCfg = Debug|x64
		{9BEDEE48-7499-4E0E-A638-01899DAA9262}.Debug|x64.Build.0 = Debug|x64
		{9BEDEE48-7499-4E0E-A638-01899DAA9262}.Debug|x64.Deploy.0 = Debug|x64
		{9BEDEE48-7499-4E0E-A638-01899DAA9262}.Debug|x86.ActiveCfg = Debug|x86
		{9BEDEE48-7499-4E0E-A638-01899DAA9262}.Debug|x86.Build.0 = Debug|x86
		{9BEDEE48-7499-4E0E-A638-01899DAA9262}.Debug|x86.Deploy.0 = Debug|x86
		{9BEDEE48-7499-4E0E-A638-01899DAA9262}.Release|Any CPU.ActiveCfg = Release|x86
		{9BEDEE48-7499-4E0E-A638-01899DAA9262}.Release|Any CPU.Build.0 = Release|x86
		{9BEDEE48-7499-4E0E-A638-01899DAA9262}.Release|Any CPU.Deploy.0 = Release|x86
		{9BEDEE48-7499-4E0E-A638-01899DAA9262}.Release|ARM.ActiveCfg = Release|ARM
		{9BEDEE48-7499-4E0E-A638-01899DAA9262}.Release|ARM.Build.0 = Release|ARM
		{9BEDEE48-7499-4E0E-A638-01899DAA9262}.Release|ARM.Deploy.0 = Release|ARM
		{9BEDEE48-7499-4E0E-A638-01899DAA9262}.Release|iPhone.ActiveCfg = Release|x86
		{9BEDEE48-7499-4E0E-A638-01899DAA9262}.Release|iPhone.Build.0 = Release|x86
		{9BEDEE48-7499-4E0E-A638-01899DAA9262}.Release|iPhone.Deploy.0 = Release|x86
		{9BEDEE48-7499-4E0E-A638-01899DAA9262}.Release|iPhoneSimulator.ActiveCfg = Release|x86
		{9BEDEE48-7499-4E0E-A638-01899DAA9262}.Release|iPhoneSimulator.Build.0 = Release|x86
		{9BEDEE48-7499-4E0E-A638-01899DAA9262}.Release|iPhoneSimulator.Deploy.0 = Release|x86
		{9BEDEE48-7499-4E0E-A638-01899DAA9262}.Release|x64.ActiveCfg = Release|x64
		{9BEDEE48-7499-4E0E-A638-01899DAA9262}.Release|x64.Build.0 = Release|x64
		{9BEDEE48-7499-4E0E-A638-01899DAA9262}.Release|x64.Deploy.0 = Release|x64
		{9BEDEE48-7499-4E0E-A638-01899DAA9262}.Release|x86.ActiveCfg = Release|x86
		{9BEDEE48-7499-4E0E-A638-01899DAA9262}.Release|x86.Build.0 = Release|x86
		{9BEDEE48-7499-4E0E-A638-01899DAA9262}.Release|x86.Deploy.0 = Release|x86
		{8DD6C7C6-A7C6-48B2-B27F-AD37552DE6C6}.Ad-Hoc|Any CPU.ActiveCfg = Debug|Any CPU
		{8DD6C7C6-A7C6-48B2-B27F-AD37552DE6C6}.Ad-Hoc|Any CPU.Build.0 = Debug|Any CPU
		{8DD6C7C6-A7C6-48B2-B27F-AD37552DE6C6}.Ad-Hoc|Any CPU.Deploy.0 = Debug|Any CPU
		{8DD6C7C6-A7C6-48B2-B27F-AD37552DE6C6}.Ad-Hoc|ARM.ActiveCfg = Debug|Any CPU
		{8DD6C7C6-A7C6-48B2-B27F-AD37552DE6C6}.Ad-Hoc|ARM.Build.0 = Debug|Any CPU
		{8DD6C7C6-A7C6-48B2-B27F-AD37552DE6C6}.Ad-Hoc|ARM.Deploy.0 = Debug|Any CPU
		{8DD6C7C6-A7C6-48B2-B27F-AD37552DE6C6}.Ad-Hoc|iPhone.ActiveCfg = Debug|Any CPU
		{8DD6C7C6-A7C6-48B2-B27F-AD37552DE6C6}.Ad-Hoc|iPhone.Build.0 = Debug|Any CPU
		{8DD6C7C6-A7C6-48B2-B27F-AD37552DE6C6}.Ad-Hoc|iPhone.Deploy.0 = Debug|Any CPU
		{8DD6C7C6-A7C6-48B2-B27F-AD37552DE6C6}.Ad-Hoc|iPhoneSimulator.ActiveCfg = Debug|Any CPU
		{8DD6C7C6-A7C6-48B2-B27F-AD37552DE6C6}.Ad-Hoc|iPhoneSimulator.Build.0 = Debug|Any CPU
		{8DD6C7C6-A7C6-48B2-B27F-AD37552DE6C6}.Ad-Hoc|iPhoneSimulator.Deploy.0 = Debug|Any CPU
		{8DD6C7C6-A7C6-48B2-B27F-AD37552DE6C6}.Ad-Hoc|x64.ActiveCfg = Debug|Any CPU
		{8DD6C7C6-A7C6-48B2-B27F-AD37552DE6C6}.Ad-Hoc|x64.Build.0 = Debug|Any CPU
		{8DD6C7C6-A7C6-48B2-B27F-AD37552DE6C6}.Ad-Hoc|x64.Deploy.0 = Debug|Any CPU
		{8DD6C7C6-A7C6-48B2-B27F-AD37552DE6C6}.Ad-Hoc|x86.ActiveCfg = Debug|Any CPU
		{8DD6C7C6-A7C6-48B2-B27F-AD37552DE6C6}.Ad-Hoc|x86.Build.0 = Debug|Any CPU
		{8DD6C7C6-A7C6-48B2-B27F-AD37552DE6C6}.Ad-Hoc|x86.Deploy.0 = Debug|Any CPU
		{8DD6C7C6-A7C6-48B2-B27F-AD37552DE6C6}.AppStore|Any CPU.ActiveCfg = Debug|Any CPU
		{8DD6C7C6-A7C6-48B2-B27F-AD37552DE6C6}.AppStore|Any CPU.Build.0 = Debug|Any CPU
		{8DD6C7C6-A7C6-48B2-B27F-AD37552DE6C6}.AppStore|Any CPU.Deploy.0 = Debug|Any CPU
		{8DD6C7C6-A7C6-48B2-B27F-AD37552DE6C6}.AppStore|ARM.ActiveCfg = Debug|Any CPU
		{8DD6C7C6-A7C6-48B2-B27F-AD37552DE6C6}.AppStore|ARM.Build.0 = Debug|Any CPU
		{8DD6C7C6-A7C6-48B2-B27F-AD37552DE6C6}.AppStore|ARM.Deploy.0 = Debug|Any CPU
		{8DD6C7C6-A7C6-48B2-B27F-AD37552DE6C6}.AppStore|iPhone.ActiveCfg = Debug|Any CPU
		{8DD6C7C6-A7C6-48B2-B27F-AD37552DE6C6}.AppStore|iPhone.Build.0 = Debug|Any CPU
		{8DD6C7C6-A7C6-48B2-B27F-AD37552DE6C6}.AppStore|iPhone.Deploy.0 = Debug|Any CPU
		{8DD6C7C6-A7C6-48B2-B27F-AD37552DE6C6}.AppStore|iPhoneSimulator.ActiveCfg = Debug|Any CPU
		{8DD6C7C6-A7C6-48B2-B27F-AD37552DE6C6}.AppStore|iPhoneSimulator.Build.0 = Debug|Any CPU
		{8DD6C7C6-A7C6-48B2-B27F-AD37552DE6C6}.AppStore|iPhoneSimulator.Deploy.0 = Debug|Any CPU
		{8DD6C7C6-A7C6-48B2-B27F-AD37552DE6C6}.AppStore|x64.ActiveCfg = Debug|Any CPU
		{8DD6C7C6-A7C6-48B2-B27F-AD37552DE6C6}.AppStore|x64.Build.0 = Debug|Any CPU
		{8DD6C7C6-A7C6-48B2-B27F-AD37552DE6C6}.AppStore|x64.Deploy.0 = Debug|Any CPU
		{8DD6C7C6-A7C6-48B2-B27F-AD37552DE6C6}.AppStore|x86.ActiveCfg = Debug|Any CPU
		{8DD6C7C6-A7C6-48B2-B27F-AD37552DE6C6}.AppStore|x86.Build.0 = Debug|Any CPU
		{8DD6C7C6-A7C6-48B2-B27F-AD37552DE6C6}.AppStore|x86.Deploy.0 = Debug|Any CPU
		{8DD6C7C6-A7C6-48B2-B27F-AD37552DE6C6}.Debug|Any CPU.ActiveCfg = Debug|Any CPU
		{8DD6C7C6-A7C6-48B2-B27F-AD37552DE6C6}.Debug|Any CPU.Build.0 = Debug|Any CPU
		{8DD6C7C6-A7C6-48B2-B27F-AD37552DE6C6}.Debug|Any CPU.Deploy.0 = Debug|Any CPU
		{8DD6C7C6-A7C6-48B2-B27F-AD37552DE6C6}.Debug|ARM.ActiveCfg = Debug|Any CPU
		{8DD6C7C6-A7C6-48B2-B27F-AD37552DE6C6}.Debug|ARM.Build.0 = Debug|Any CPU
		{8DD6C7C6-A7C6-48B2-B27F-AD37552DE6C6}.Debug|ARM.Deploy.0 = Debug|Any CPU
		{8DD6C7C6-A7C6-48B2-B27F-AD37552DE6C6}.Debug|iPhone.ActiveCfg = Debug|Any CPU
		{8DD6C7C6-A7C6-48B2-B27F-AD37552DE6C6}.Debug|iPhone.Build.0 = Debug|Any CPU
		{8DD6C7C6-A7C6-48B2-B27F-AD37552DE6C6}.Debug|iPhone.Deploy.0 = Debug|Any CPU
		{8DD6C7C6-A7C6-48B2-B27F-AD37552DE6C6}.Debug|iPhoneSimulator.ActiveCfg = Debug|Any CPU
		{8DD6C7C6-A7C6-48B2-B27F-AD37552DE6C6}.Debug|iPhoneSimulator.Build.0 = Debug|Any CPU
		{8DD6C7C6-A7C6-48B2-B27F-AD37552DE6C6}.Debug|iPhoneSimulator.Deploy.0 = Debug|Any CPU
		{8DD6C7C6-A7C6-48B2-B27F-AD37552DE6C6}.Debug|x64.ActiveCfg = Debug|Any CPU
		{8DD6C7C6-A7C6-48B2-B27F-AD37552DE6C6}.Debug|x64.Build.0 = Debug|Any CPU
		{8DD6C7C6-A7C6-48B2-B27F-AD37552DE6C6}.Debug|x64.Deploy.0 = Debug|Any CPU
		{8DD6C7C6-A7C6-48B2-B27F-AD37552DE6C6}.Debug|x86.ActiveCfg = Debug|Any CPU
		{8DD6C7C6-A7C6-48B2-B27F-AD37552DE6C6}.Debug|x86.Build.0 = Debug|Any CPU
		{8DD6C7C6-A7C6-48B2-B27F-AD37552DE6C6}.Debug|x86.Deploy.0 = Debug|Any CPU
		{8DD6C7C6-A7C6-48B2-B27F-AD37552DE6C6}.Release|Any CPU.ActiveCfg = Release|Any CPU
		{8DD6C7C6-A7C6-48B2-B27F-AD37552DE6C6}.Release|Any CPU.Build.0 = Release|Any CPU
		{8DD6C7C6-A7C6-48B2-B27F-AD37552DE6C6}.Release|Any CPU.Deploy.0 = Release|Any CPU
		{8DD6C7C6-A7C6-48B2-B27F-AD37552DE6C6}.Release|ARM.ActiveCfg = Release|Any CPU
		{8DD6C7C6-A7C6-48B2-B27F-AD37552DE6C6}.Release|ARM.Build.0 = Release|Any CPU
		{8DD6C7C6-A7C6-48B2-B27F-AD37552DE6C6}.Release|ARM.Deploy.0 = Release|Any CPU
		{8DD6C7C6-A7C6-48B2-B27F-AD37552DE6C6}.Release|iPhone.ActiveCfg = Release|Any CPU
		{8DD6C7C6-A7C6-48B2-B27F-AD37552DE6C6}.Release|iPhone.Build.0 = Release|Any CPU
		{8DD6C7C6-A7C6-48B2-B27F-AD37552DE6C6}.Release|iPhone.Deploy.0 = Release|Any CPU
		{8DD6C7C6-A7C6-48B2-B27F-AD37552DE6C6}.Release|iPhoneSimulator.ActiveCfg = Release|Any CPU
		{8DD6C7C6-A7C6-48B2-B27F-AD37552DE6C6}.Release|iPhoneSimulator.Build.0 = Release|Any CPU
		{8DD6C7C6-A7C6-48B2-B27F-AD37552DE6C6}.Release|iPhoneSimulator.Deploy.0 = Release|Any CPU
		{8DD6C7C6-A7C6-48B2-B27F-AD37552DE6C6}.Release|x64.ActiveCfg = Release|Any CPU
		{8DD6C7C6-A7C6-48B2-B27F-AD37552DE6C6}.Release|x64.Build.0 = Release|Any CPU
		{8DD6C7C6-A7C6-48B2-B27F-AD37552DE6C6}.Release|x64.Deploy.0 = Release|Any CPU
		{8DD6C7C6-A7C6-48B2-B27F-AD37552DE6C6}.Release|x86.ActiveCfg = Release|Any CPU
		{8DD6C7C6-A7C6-48B2-B27F-AD37552DE6C6}.Release|x86.Build.0 = Release|Any CPU
		{8DD6C7C6-A7C6-48B2-B27F-AD37552DE6C6}.Release|x86.Deploy.0 = Release|Any CPU
	EndGlobalSection
	GlobalSection(SolutionProperties) = preSolution
		HideSolutionNode = FALSE
	EndGlobalSection
	GlobalSection(ExtensibilityGlobals) = postSolution
		SolutionGuid = {9E87A258-B93B-46D2-A9D9-80A4004BD28C}
	EndGlobalSection
EndGlobal
